
Microsoft Visual Studio Solution File, Format Version 12.00
# Visual Studio Version 16
VisualStudioVersion = 25.0.1705.0
MinimumVisualStudioVersion = 10.0.40219.1
Project("{FAE04EC0-301F-11D3-BF4B-00C04F79EFBC}") = "WatanaApi.Sdk", "WatanaApi.Sdk\WatanaApi.Sdk.csproj", "{0C2044A9-B89D-4898-9CC8-BF122F611B94}"
EndProject
Global
	GlobalSection(SolutionConfigurationPlatforms) = preSolution
		Debug|Any CPU = Debug|Any CPU
		Release|Any CPU = Release|Any CPU
	EndGlobalSection
	GlobalSection(ProjectConfigurationPlatforms) = postSolution
		{0C2044A9-B89D-4898-9CC8-BF122F611B94}.Debug|Any CPU.ActiveCfg = Debug|Any CPU
		{0C2044A9-B89D-4898-9CC8-BF122F611B94}.Debug|Any CPU.Build.0 = Debug|Any CPU
		{0C2044A9-B89D-4898-9CC8-BF122F611B94}.Release|Any CPU.ActiveCfg = Release|Any CPU
		{0C2044A9-B89D-4898-9CC8-BF122F611B94}.Release|Any CPU.Build.0 = Release|Any CPU
	EndGlobalSection
	GlobalSection(SolutionProperties) = preSolution
		HideSolutionNode = FALSE
	EndGlobalSection
	GlobalSection(ExtensibilityGlobals) = postSolution
		SolutionGuid = {2068DFA8-AF8B-4A18-9049-5D6EF4E909FA}
	EndGlobalSection
EndGlobal
